
Microsoft Visual Studio Solution File, Format Version 12.00
# Visual Studio Version 17
VisualStudioVersion = 17.3.32922.545
MinimumVisualStudioVersion = 10.0.40219.1
Project("{9A19103F-16F7-4668-BE54-9A1E7A4F7556}") = "TikTakToe", "ConsoleApp1\TikTakToe.csproj", "{B1645A93-E413-438B-A9AB-85F862CFB3FC}"
EndProject
Global
	GlobalSection(SolutionConfigurationPlatforms) = preSolution
		Debug|Any CPU = Debug|Any CPU
		Release|Any CPU = Release|Any CPU
	EndGlobalSection
	GlobalSection(ProjectConfigurationPlatforms) = postSolution
		{B1645A93-E413-438B-A9AB-85F862CFB3FC}.Debug|Any CPU.ActiveCfg = Debug|Any CPU
		{B1645A93-E413-438B-A9AB-85F862CFB3FC}.Debug|Any CPU.Build.0 = Debug|Any CPU
		{B1645A93-E413-438B-A9AB-85F862CFB3FC}.Release|Any CPU.ActiveCfg = Release|Any CPU
		{B1645A93-E413-438B-A9AB-85F862CFB3FC}.Release|Any CPU.Build.0 = Release|Any CPU
	EndGlobalSection
	GlobalSection(SolutionProperties) = preSolution
		HideSolutionNode = FALSE
	EndGlobalSection
	GlobalSection(ExtensibilityGlobals) = postSolution
		SolutionGuid = {9D01ECF0-5BAB-4F92-A09A-B5669F972C92}
	EndGlobalSection
EndGlobal
